github.com/action-state-group/cll-go v0.0.0-20260914055038-a4b1701b0ad0 h1:OTyA6LfY5dPlkqf8XEb2RHExihr5kScDd5GLAOaX8aE=
github.com/action-state-group/cll-go v0.0.0-20260914055038-a4b1701b0ad0/go.mod h1:56rOQ/W8Uk7nz69nfqQ3AKqyJ9ZTmwLfhYPLsc1BEEM=
github.com/datatrails/go-datatrails-merklelog/mmr v0.4.2-0.20250428132117-275103a34a08 h1:hfoqVFr2B8uIqnbKxHTFSP2J5Er6Znd4giwut3GcYYM=
github.com/datatrails/go-datatrails-merklelog/mmr v0.4.2-0.20250428132117-275103a34a08/go.mod h1:D9U4yGzzpH3ObRlgbeZzn9RJVcgWgekEWE+Ye1q0yoU=
github.com/fxamacker/cbor/v2 v2.9.0 h1:NpKPmjDBgUfBms6tr6JZkTHtfFGcMKsw3eGcmD/sapM=
github.com/fxamacker/cbor/v2 v2.9.0/go.mod h1:vM4b+DJCtHn+zz7h3FFp/hDAI9WNWCsZj23V5ytsSxQ=
github.com/stretchr/testify v1.12.1 h1:EuwCh5fleGS7H32xRwO3wRGT7DxrDhLAT6FF8MpWDWE=
github.com/stretchr/testify v1.12.1/go.mod h1:MDEgiDPPsNp5cuIrHPPCyornHKgEVbtFUmoNlxoYthg=
github.com/veraison/go-cose v1.3.0 h1:2/H5w8kdSpQJyVtIhx8gmwPJ2uSz1PkyWFx0idbd7rk=
github.com/veraison/go-cose v1.3.0/go.mod h1:df09OV91aHoQWLmy1KsDdYiagtXgyAwAl8vFeFn1gMc=
github.com/x448/float16 v0.8.4 h1:qLwI1I70+NjRFUR3zs1JPUCgaCXSh3SW62uAKT1mSBM=
github.com/x448/float16 v0.8.4/go.mod h1:14CWIYCyZA/cWjXOioeEpHeN/83MdbZDRQHoFcYsOfg=
go.yaml.in/yaml/v3 v3.0.5 h1:N6y/pJk8buWs9NY5ERU2HSMfm+IuD/OtfdAnq6kESPw=
go.yaml.in/yaml/v3 v3.0.5/go.mod h1:HVTZu1O7/Vkt2N+BFy8Zza+lnLsABggaTM2ZpNIGuKg=
